
Microsoft Visual Studio Solution File, Format Version 12.00
# Visual Studio Version 17
VisualStudioVersion = 17.4.33205.214
MinimumVisualStudioVersion = 10.0.40219.1
Project("{9A19103F-16F7-4668-BE54-9A1E7A4F7556}") = "CookBook.API", "CookBook.API\CookBook.API.csproj", "{7DE017AB-D00B-4A4F-8554-D68B963B5E1E}"
EndProject
Project("{9A19103F-16F7-4668-BE54-9A1E7A4F7556}") = "CookBook.Models", "CookBook.Models\CookBook.Models.csproj", "{02EB09AE-A194-43CD-ABA6-0AED15F64E58}"
EndProject
Project("{9A19103F-16F7-4668-BE54-9A1E7A4F7556}") = "CookBook.Repo", "CookBook.Repo\CookBook.Repo.csproj", "{1CA4EC8D-28FC-4C76-8681-EFB174A4AAA5}"
EndProject
Project("{2150E333-8FDC-42A3-9474-1A3956D46DE8}") = "Solution folder", "Solution folder", "{83C55C2D-91A0-424D-8CF0-0B7D7F342B8C}"
	ProjectSection(SolutionItems) = preProject
		..\.gitignore = ..\.gitignore
		..\README.md = ..\README.md
	EndProjectSection
EndProject
Project("{9A19103F-16F7-4668-BE54-9A1E7A4F7556}") = "CookBook.Service", "CookBook.Service\CookBook.Service.csproj", "{DAC414DF-EBAE-4D59-9426-F65E4DE92997}"
EndProject
Project("{E53339B2-1760-4266-BCC7-CA923CBCF16C}") = "docker-compose", "docker-compose.dcproj", "{F77AB2C5-A119-483A-B48F-E9C4F24CE133}"
EndProject
Project("{9A19103F-16F7-4668-BE54-9A1E7A4F7556}") = "CookBook.Shared", "CookBook.Shared\CookBook.Shared.csproj", "{AD6B664B-C0E8-4F1D-A3D2-CFCE1585EAFD}"
EndProject
Global
	GlobalSection(SolutionConfigurationPlatforms) = preSolution
		Debug|Any CPU = Debug|Any CPU
		Release|Any CPU = Release|Any CPU
	EndGlobalSection
	GlobalSection(ProjectConfigurationPlatforms) = postSolution
		{7DE017AB-D00B-4A4F-8554-D68B963B5E1E}.Debug|Any CPU.ActiveCfg = Debug|Any CPU
		{7DE017AB-D00B-4A4F-8554-D68B963B5E1E}.Debug|Any CPU.Build.0 = Debug|Any CPU
		{7DE017AB-D00B-4A4F-8554-D68B963B5E1E}.Release|Any CPU.ActiveCfg = Release|Any CPU
		{7DE017AB-D00B-4A4F-8554-D68B963B5E1E}.Release|Any CPU.Build.0 = Release|Any CPU
		{02EB09AE-A194-43CD-ABA6-0AED15F64E58}.Debug|Any CPU.ActiveCfg = Debug|Any CPU
		{02EB09AE-A194-43CD-ABA6-0AED15F64E58}.Debug|Any CPU.Build.0 = Debug|Any CPU
		{02EB09AE-A194-43CD-ABA6-0AED15F64E58}.Release|Any CPU.ActiveCfg = Release|Any CPU
		{02EB09AE-A194-43CD-ABA6-0AED15F64E58}.Release|Any CPU.Build.0 = Release|Any CPU
		{1CA4EC8D-28FC-4C76-8681-EFB174A4AAA5}.Debug|Any CPU.ActiveCfg = Debug|Any CPU
		{1CA4EC8D-28FC-4C76-8681-EFB174A4AAA5}.Debug|Any CPU.Build.0 = Debug|Any CPU
		{1CA4EC8D-28FC-4C76-8681-EFB174A4AAA5}.Release|Any CPU.ActiveCfg = Release|Any CPU
		{1CA4EC8D-28FC-4C76-8681-EFB174A4AAA5}.Release|Any CPU.Build.0 = Release|Any CPU
		{DAC414DF-EBAE-4D59-9426-F65E4DE92997}.Debug|Any CPU.ActiveCfg = Debug|Any CPU
		{DAC414DF-EBAE-4D59-9426-F65E4DE92997}.Debug|Any CPU.Build.0 = Debug|Any CPU
		{DAC414DF-EBAE-4D59-9426-F65E4DE92997}.Release|Any CPU.ActiveCfg = Release|Any CPU
		{DAC414DF-EBAE-4D59-9426-F65E4DE92997}.Release|Any CPU.Build.0 = Release|Any CPU
		{F77AB2C5-A119-483A-B48F-E9C4F24CE133}.Debug|Any CPU.ActiveCfg = Debug|Any CPU
		{F77AB2C5-A119-483A-B48F-E9C4F24CE133}.Debug|Any CPU.Build.0 = Debug|Any CPU
		{F77AB2C5-A119-483A-B48F-E9C4F24CE133}.Release|Any CPU.ActiveCfg = Release|Any CPU
		{F77AB2C5-A119-483A-B48F-E9C4F24CE133}.Release|Any CPU.Build.0 = Release|Any CPU
		{AD6B664B-C0E8-4F1D-A3D2-CFCE1585EAFD}.Debug|Any CPU.ActiveCfg = Debug|Any CPU
		{AD6B664B-C0E8-4F1D-A3D2-CFCE1585EAFD}.Debug|Any CPU.Build.0 = Debug|Any CPU
		{AD6B664B-C0E8-4F1D-A3D2-CFCE1585EAFD}.Release|Any CPU.ActiveCfg = Release|Any CPU
		{AD6B664B-C0E8-4F1D-A3D2-CFCE1585EAFD}.Release|Any CPU.Build.0 = Release|Any CPU
	EndGlobalSection
	GlobalSection(SolutionProperties) = preSolution
		HideSolutionNode = FALSE
	EndGlobalSection
	GlobalSection(ExtensibilityGlobals) = postSolution
		SolutionGuid = {51883BDC-B499-489A-9A91-DC098449330F}
	EndGlobalSection
EndGlobal
